
Microsoft Visual Studio Solution File, Format Version 12.00
# Visual Studio Version 17
VisualStudioVersion = 17.14.36327.8 d17.14
MinimumVisualStudioVersion = 10.0.40219.1
Project("{FAE04EC0-301F-11D3-BF4B-00C04F79EFBC}") = "Restaurant.API", "Restaurant.API\Restaurant.API.csproj", "{2C534BFD-7A12-45A6-A3E8-D9EF3278532E}"
EndProject
Global
	GlobalSection(SolutionConfigurationPlatforms) = preSolution
		Debug|Any CPU = Debug|Any CPU
		Release|Any CPU = Release|Any CPU
	EndGlobalSection
	GlobalSection(ProjectConfigurationPlatforms) = postSolution
		{2C534BFD-7A12-45A6-A3E8-D9EF3278532E}.Debug|Any CPU.ActiveCfg = Debug|Any CPU
		{2C534BFD-7A12-45A6-A3E8-D9EF3278532E}.Debug|Any CPU.Build.0 = Debug|Any CPU
		{2C534BFD-7A12-45A6-A3E8-D9EF3278532E}.Release|Any CPU.ActiveCfg = Release|Any CPU
		{2C534BFD-7A12-45A6-A3E8-D9EF3278532E}.Release|Any CPU.Build.0 = Release|Any CPU
	EndGlobalSection
	GlobalSection(SolutionProperties) = preSolution
		HideSolutionNode = FALSE
	EndGlobalSection
	GlobalSection(ExtensibilityGlobals) = postSolution
		SolutionGuid = {468E3C6F-B4AA-43A5-A77D-94575878881D}
	EndGlobalSection
EndGlobal
